<Solution>
  <Folder Name="/Solution Items/">
    <File Path=".gitignore" />
    <File Path="AGENT-README.txt" />
    <File Path="Directory.Build.props" />
    <File Path="Directory.Packages.props" />
    <File Path="EXTRAS-README.txt" />
    <File Path="global.json" />
    <File Path="icon-codebrix-128.png" />
    <File Path="LICENSE" />
    <File Path="MAINTAINER-README.txt" />
    <File Path="README-INDEX.txt" />
    <File Path="README.md" />
    <File Path="THIRD-PARTY-NOTICES.txt" />
  </Folder>
  <Folder Name="/Build/">
    <File Path="build/PlatformPin.props" />
    <File Path="build/platform-repo-package-ids.txt" />
    <Project Path="build/intake/CodeBrix.Android.Intake.proj" Type="13b669be-bb05-4ddf-9536-439f39a36129" />
    <Project Path="build/intake/CodeBrix.Android.IntakeGate/CodeBrix.Android.IntakeGate.csproj" />
    <File Path="build/pack.sh" />
  </Folder>
  <Folder Name="/Build/inrepo/">
    <File Path="build/inrepo/CodeBrix.Android.InRepo.props" />
    <File Path="build/inrepo/CodeBrix.Android.InRepo.targets" />
  </Folder>
  <Folder Name="/Build/nuget/">
    <File Path="build/nuget/buildTransitive/CodeBrix.Android.ApacheLicenseForever.props" />
    <File Path="build/nuget/buildTransitive/CodeBrix.Android.ApacheLicenseForever.targets" />
    <File Path="build/nuget/CodeBrix.Android.ApacheLicenseForever.nuspec" />
    <File Path="build/nuget/CodeBrix.Android.Pack.proj" />
    <File Path="build/nuget/CodeBrix.Android.PackInfo.targets" />
    <File Path="build/nuget/package-dependency-owners.txt" />
    <File Path="build/nuget/pack-shim/CodeBrix.Android.PackShim.csproj" />
  </Folder>
  <Folder Name="/Build/test-scripts/">
    <File Path="build/test-scripts/android-uireqs-avd.sh" />
    <File Path="build/test-scripts/android-uireqs-run.sh" />
    <File Path="build/test-scripts/compare-uireqs-frames.sh" />
    <File Path="build/test-scripts/device-smoke.sh" />
    <File Path="build/test-scripts/parity-score.sh" />
    <File Path="build/test-scripts/paste-always-compile.sh" />
    <File Path="build/test-scripts/uireqs-frame-compare.informational" />
  </Folder>
  <Folder Name="/Samples/">
    <File Path="samples/README.md" />
  </Folder>
  <Folder Name="/Samples/HelloPaste/">
    <File Path="samples/HelloPaste/Directory.Build.props" />
    <File Path="samples/HelloPaste/Directory.Build.targets" />
    <File Path="samples/HelloPaste/README.md" />
    <Project Path="samples/HelloPaste/HelloPaste.Android/HelloPaste.Android.csproj">
      <BuildDependency Project="build/intake/CodeBrix.Android.Intake.proj" />
    </Project>
    <Project Path="samples/HelloPaste/JustBetweenUs.Core/JustBetweenUs.Core.csproj">
      <BuildDependency Project="build/intake/CodeBrix.Android.Intake.proj" />
    </Project>
    <Project Path="samples/HelloPaste/JustBetweenUs.Encryption/JustBetweenUs.Encryption.csproj" />
    <Project Path="samples/HelloPaste/PdfSideBySide.Core/PdfSideBySide.Core.csproj">
      <BuildDependency Project="build/intake/CodeBrix.Android.Intake.proj" />
    </Project>
    <Project Path="samples/HelloPaste/PdfSideBySide.PdfRender/PdfSideBySide.PdfRender.csproj" />
  </Folder>
  <Folder Name="/Templates/">
    <File Path="templates/TEMPLATE_INTEGRATION.md" />
  </Folder>
  <Folder Name="/Templates/AndroidHead/">
    <File Path="templates/AndroidHead/src/TemplateApp.Android/AndroidManifest.xml" />
    <File Path="templates/AndroidHead/src/TemplateApp.Android/MainActivity.cs" />
    <File Path="templates/AndroidHead/src/TemplateApp.Android/MainApplication.cs" />
    <File Path="templates/AndroidHead/src/TemplateApp.Android/TemplateApp.Android.csproj" />
    <File Path="templates/AndroidHead/src/TemplateApp.Core/TemplateApp.Core.csproj" />
  </Folder>
  <Folder Name="/src/">
    <Project Path="src/CodeBrix.Android/CodeBrix.Android.csproj" />
    <Project Path="src/CodeBrix.Android.UI/CodeBrix.Android.UI.csproj" />
    <Project Path="src/CodeBrix.Android.UI.Composition/CodeBrix.Android.UI.Composition.csproj" />
    <Project Path="src/CodeBrix.Android.UI.Dispatching/CodeBrix.Android.UI.Dispatching.csproj" />
    <Project Path="src/CodeBrix.Android.UI.Toolkit/CodeBrix.Android.UI.Toolkit.csproj" />
    <Project Path="src/CodeBrix.Android.Analyzers/CodeBrix.Android.Analyzers.csproj" />
    <File Path="src/Directory.Build.props" />
  </Folder>
  <Folder Name="/src/AddIns/">
    <Project Path="src/AddIns/CodeBrix.Android.SkiaSharp.Views/CodeBrix.Android.SkiaSharp.Views.csproj" />
    <Project Path="src/AddIns/CodeBrix.Android.UI.Svg/CodeBrix.Android.UI.Svg.csproj" />
    <Project Path="src/AddIns/CodeBrix.Android.WinUI.Graphics2DSK/CodeBrix.Android.WinUI.Graphics2DSK.csproj" />
    <Project Path="src/AddIns/CodeBrix.Android.UI.CommandBar/CodeBrix.Android.UI.CommandBar.csproj" />
    <Project Path="src/AddIns/CodeBrix.Android.UI.FlexPanel/CodeBrix.Android.UI.FlexPanel.csproj" />
    <Project Path="src/AddIns/CodeBrix.Android.AppSettings/CodeBrix.Android.AppSettings.csproj" />
    <Project Path="src/AddIns/CodeBrix.Android.UI.WebView/CodeBrix.Android.UI.WebView.csproj" />
    <Project Path="src/AddIns/CodeBrix.Android.UI.MediaPlayer/CodeBrix.Android.UI.MediaPlayer.csproj" />
    <Project Path="src/AddIns/CodeBrix.Android.WinUI.Graphics3DGL/CodeBrix.Android.WinUI.Graphics3DGL.csproj" />
    <Project Path="src/AddIns/CodeBrix.Android.UI.TextLayout/CodeBrix.Android.UI.TextLayout.csproj" />
    <Project Path="src/AddIns/CodeBrix.Android.UI.Lottie/CodeBrix.Android.UI.Lottie.csproj" />
    <Project Path="src/AddIns/CodeBrix.Android.UI.TerminalView/CodeBrix.Android.UI.TerminalView.csproj" />
  </Folder>
  <Folder Name="/Tests/">
    <Project Path="tests/CodeBrix.Android.IntakeGate.Tests/CodeBrix.Android.IntakeGate.Tests.csproj" />
    <Project Path="tests/CodeBrix.Android.UI.Tests/CodeBrix.Android.UI.Tests.csproj" />
    <Project Path="tests/CodeBrix.Android.SkiaSharp.Views.Tests/CodeBrix.Android.SkiaSharp.Views.Tests.csproj" />
    <Project Path="tests/CodeBrix.Android.UI.Svg.Tests/CodeBrix.Android.UI.Svg.Tests.csproj" />
    <Project Path="tests/CodeBrix.Android.WinUI.Graphics2DSK.Tests/CodeBrix.Android.WinUI.Graphics2DSK.Tests.csproj" />
    <Project Path="tests/CodeBrix.Android.UI.CommandBar.Tests/CodeBrix.Android.UI.CommandBar.Tests.csproj" />
    <Project Path="tests/CodeBrix.Android.UI.FlexPanel.Tests/CodeBrix.Android.UI.FlexPanel.Tests.csproj" />
    <Project Path="tests/CodeBrix.Android.AppSettings.Tests/CodeBrix.Android.AppSettings.Tests.csproj" />
    <Project Path="tests/CodeBrix.Android.UI.WebView.Tests/CodeBrix.Android.UI.WebView.Tests.csproj" />
    <Project Path="tests/CodeBrix.Android.UI.MediaPlayer.Tests/CodeBrix.Android.UI.MediaPlayer.Tests.csproj" />
    <Project Path="tests/CodeBrix.Android.WinUI.Graphics3DGL.Tests/CodeBrix.Android.WinUI.Graphics3DGL.Tests.csproj" />
    <Project Path="tests/CodeBrix.Android.UI.TextLayout.Tests/CodeBrix.Android.UI.TextLayout.Tests.csproj" />
    <Project Path="tests/CodeBrix.Android.UI.Lottie.Tests/CodeBrix.Android.UI.Lottie.Tests.csproj" />
    <Project Path="tests/CodeBrix.Android.UI.Toolkit.Tests/CodeBrix.Android.UI.Toolkit.Tests.csproj" />
    <Project Path="tests/CodeBrix.Android.UI.TerminalView.Tests/CodeBrix.Android.UI.TerminalView.Tests.csproj" />
    <Project Path="tests/CodeBrix.Android.Analyzers.Tests/CodeBrix.Android.Analyzers.Tests.csproj" />
    <Project Path="tests/CodeBrix.Android.ParityScore.Tests/CodeBrix.Android.ParityScore.Tests.csproj" />
  </Folder>
  <Folder Name="/Tests/UIReqs/">
    <File Path="tests/CodeBrix.Android.UIReqs.Device/Directory.Build.props" />
    <File Path="tests/CodeBrix.Android.UIReqs.Device/Directory.Build.targets" />
    <File Path="tests/CodeBrix.Android.UIReqs.Device/PORTING.txt" />
    <Project Path="tests/CodeBrix.Android.UIReqs.Device/CodeBrix.Android.UIReqs.Device.csproj">
      <BuildDependency Project="build/intake/CodeBrix.Android.Intake.proj" />
    </Project>
    <Project Path="tests/CodeBrix.Android.UIReqs/CodeBrix.Android.UIReqs.csproj" />
  </Folder>
  <Folder Name="/Tools/">
    <Project Path="tools/UIReqsFrameCompare/UIReqsFrameCompare.csproj" />
    <Project Path="tools/CodeBrix.Android.ParityScore/CodeBrix.Android.ParityScore.csproj" />
    <File Path="tools/CodeBrix.Android.ParityScore/declined-explained.tsv" />
  </Folder>
  <Folder Name="/Tests/PasteAlways/">
    <File Path="tests/PasteAlways/Directory.Build.props" />
    <File Path="tests/PasteAlways/Directory.Build.targets" />
  </Folder>
</Solution>
